// !$*UTF8*$!
{
	archiveVersion = 1;
	classes = {
	};
	objectVersion = 46;
	objects = {

/* Begin PBXBuildFile section */
		39065B581B34FD2100FDBF18 /* Game.cpp in Sources */ = {isa = PBXBuildFile; fileRef = 39065B4B1B34FD2100FDBF18 /* Game.cpp */; };
		39065B591B34FD2100FDBF18 /* CompPlayer.cpp in Sources */ = {isa = PBXBuildFile; fileRef = 39065B4C1B34FD2100FDBF18 /* CompPlayer.cpp */; };
		39065B5A1B34FD2100FDBF18 /* GenPlayer.cpp in Sources */ = {isa = PBXBuildFile; fileRef = 39065B4E1B34FD2100FDBF18 /* GenPlayer.cpp */; };
		39065B5B1B34FD2100FDBF18 /* HumanPlayer.cpp in Sources */ = {isa = PBXBuildFile; fileRef = 39065B511B34FD2100FDBF18 /* HumanPlayer.cpp */; };
		39065B5C1B34FD2100FDBF18 /* Command.cpp in Sources */ = {isa = PBXBuildFile; fileRef = 39065B551B34FD2100FDBF18 /* Command.cpp */; };
		39065B5D1B34FD2100FDBF18 /* Card.cpp in Sources */ = {isa = PBXBuildFile; fileRef = 39065B571B34FD2100FDBF18 /* Card.cpp */; };
/* End PBXBuildFile section */

/* Begin PBXCopyFilesBuildPhase section */
		39065B3F1B34FCF100FDBF18 /* CopyFiles */ = {
			isa = PBXCopyFilesBuildPhase;
			buildActionMask = 2147483647;
			dstPath = /usr/share/man/man1/;
			dstSubfolderSpec = 0;
			files = (
			);
			runOnlyForDeploymentPostprocessing = 1;
		};
/* End PBXCopyFilesBuildPhase section */

/* Begin PBXFileReference section */
		39065B411B34FCF100FDBF18 /* StraightsProject */ = {isa = PBXFileReference; explicitFileType = "compiled.mach-o.executable"; includeInIndex = 0; path = StraightsProject; sourceTree = BUILT_PRODUCTS_DIR; };
		39065B4B1B34FD2100FDBF18 /* Game.cpp */ = {isa = PBXFileReference; fileEncoding = 4; lastKnownFileType = sourcecode.cpp.cpp; path = Game.cpp; sourceTree = "<group>"; };
		39065B4C1B34FD2100FDBF18 /* CompPlayer.cpp */ = {isa = PBXFileReference; fileEncoding = 4; lastKnownFileType = sourcecode.cpp.cpp; path = CompPlayer.cpp; sourceTree = "<group>"; };
		39065B4D1B34FD2100FDBF18 /* CompPlayer.h */ = {isa = PBXFileReference; fileEncoding = 4; lastKnownFileType = sourcecode.c.h; path = CompPlayer.h; sourceTree = "<group>"; };
		39065B4E1B34FD2100FDBF18 /* GenPlayer.cpp */ = {isa = PBXFileReference; fileEncoding = 4; lastKnownFileType = sourcecode.cpp.cpp; path = GenPlayer.cpp; sourceTree = "<group>"; };
		39065B4F1B34FD2100FDBF18 /* GenPlayer.h */ = {isa = PBXFileReference; fileEncoding = 4; lastKnownFileType = sourcecode.c.h; path = GenPlayer.h; sourceTree = "<group>"; };
		39065B501B34FD2100FDBF18 /* Game.h */ = {isa = PBXFileReference; fileEncoding = 4; lastKnownFileType = sourcecode.c.h; path = Game.h; sourceTree = "<group>"; };
		39065B511B34FD2100FDBF18 /* HumanPlayer.cpp */ = {isa = PBXFileReference; fileEncoding = 4; lastKnownFileType = sourcecode.cpp.cpp; path = HumanPlayer.cpp; sourceTree = "<group>"; };
		39065B521B34FD2100FDBF18 /* HumanPlayer.h */ = {isa = PBXFileReference; fileEncoding = 4; lastKnownFileType = sourcecode.c.h; path = HumanPlayer.h; sourceTree = "<group>"; };
		39065B531B34FD2100FDBF18 /* Subject.h */ = {isa = PBXFileReference; fileEncoding = 4; lastKnownFileType = sourcecode.c.h; path = Subject.h; sourceTree = "<group>"; };
		39065B541B34FD2100FDBF18 /* Command.h */ = {isa = PBXFileReference; fileEncoding = 4; lastKnownFileType = sourcecode.c.h; path = Command.h; sourceTree = "<group>"; };
		39065B551B34FD2100FDBF18 /* Command.cpp */ = {isa = PBXFileReference; fileEncoding = 4; lastKnownFileType = sourcecode.cpp.cpp; path = Command.cpp; sourceTree = "<group>"; };
		39065B561B34FD2100FDBF18 /* Card.h */ = {isa = PBXFileReference; fileEncoding = 4; lastKnownFileType = sourcecode.c.h; path = Card.h; sourceTree = "<group>"; };
		39065B571B34FD2100FDBF18 /* Card.cpp */ = {isa = PBXFileReference; fileEncoding = 4; lastKnownFileType = sourcecode.cpp.cpp; path = Card.cpp; sourceTree = "<group>"; };
/* End PBXFileReference section */

/* Begin PBXFrameworksBuildPhase section */
		39065B3E1B34FCF100FDBF18 /* Frameworks */ = {
			isa = PBXFrameworksBuildPhase;
			buildActionMask = 2147483647;
			files = (
			);
			runOnlyForDeploymentPostprocessing = 0;
		};
/* End PBXFrameworksBuildPhase section */

/* Begin PBXGroup section */
		39065B381B34FCF100FDBF18 = {
			isa = PBXGroup;
			children = (
				39065B431B34FCF100FDBF18 /* StraightsProject */,
				39065B421B34FCF100FDBF18 /* Products */,
			);
			sourceTree = "<group>";
		};
		39065B421B34FCF100FDBF18 /* Products */ = {
			isa = PBXGroup;
			children = (
				39065B411B34FCF100FDBF18 /* StraightsProject */,
			);
			name = Products;
			sourceTree = "<group>";
		};
		39065B431B34FCF100FDBF18 /* StraightsProject */ = {
			isa = PBXGroup;
			children = (
				39065B4B1B34FD2100FDBF18 /* Game.cpp */,
				39065B4C1B34FD2100FDBF18 /* CompPlayer.cpp */,
				39065B4D1B34FD2100FDBF18 /* CompPlayer.h */,
				39065B4E1B34FD2100FDBF18 /* GenPlayer.cpp */,
				39065B4F1B34FD2100FDBF18 /* GenPlayer.h */,
				39065B501B34FD2100FDBF18 /* Game.h */,
				39065B511B34FD2100FDBF18 /* HumanPlayer.cpp */,
				39065B521B34FD2100FDBF18 /* HumanPlayer.h */,
				39065B531B34FD2100FDBF18 /* Subject.h */,
				39065B541B34FD2100FDBF18 /* Command.h */,
				39065B551B34FD2100FDBF18 /* Command.cpp */,
				39065B561B34FD2100FDBF18 /* Card.h */,
				39065B571B34FD2100FDBF18 /* Card.cpp */,
			);
			path = StraightsProject;
			sourceTree = "<group>";
		};
/* End PBXGroup section */

/* Begin PBXNativeTarget section */
		39065B401B34FCF100FDBF18 /* StraightsProject */ = {
			isa = PBXNativeTarget;
			buildConfigurationList = 39065B481B34FCF100FDBF18 /* Build configuration list for PBXNativeTarget "StraightsProject" */;
			buildPhases = (
				39065B3D1B34FCF100FDBF18 /* Sources */,
				39065B3E1B34FCF100FDBF18 /* Frameworks */,
				39065B3F1B34FCF100FDBF18 /* CopyFiles */,
			);
			buildRules = (
			);
			dependencies = (
			);
			name = StraightsProject;
			productName = StraightsProject;
			productReference = 39065B411B34FCF100FDBF18 /* StraightsProject */;
			productType = "com.apple.product-type.tool";
		};
/* End PBXNativeTarget section */

/* Begin PBXProject section */
		39065B391B34FCF100FDBF18 /* Project object */ = {
			isa = PBXProject;
			attributes = {
				LastUpgradeCheck = 0610;
				ORGANIZATIONNAME = "___SHRENILPATEL___";
				TargetAttributes = {
					39065B401B34FCF100FDBF18 = {
						CreatedOnToolsVersion = 6.1.1;
					};
				};
			};
			buildConfigurationList = 39065B3C1B34FCF100FDBF18 /* Build configuration list for PBXProject "StraightsProject" */;
			compatibilityVersion = "Xcode 3.2";
			developmentRegion = English;
			hasScannedForEncodings = 0;
			knownRegions = (
				en,
			);
			mainGroup = 39065B381B34FCF100FDBF18;
			productRefGroup = 39065B421B34FCF100FDBF18 /* Products */;
			projectDirPath = "";
			projectRoot = "";
			targets = (
				39065B401B34FCF100FDBF18 /* StraightsProject */,
			);
		};
/* End PBXProject section */

/* Begin PBXSourcesBuildPhase section */
		39065B3D1B34FCF100FDBF18 /* Sources */ = {
			isa = PBXSourcesBuildPhase;
			buildActionMask = 2147483647;
			files = (
				39065B591B34FD2100FDBF18 /* CompPlayer.cpp in Sources */,
				39065B5C1B34FD2100FDBF18 /* Command.cpp in Sources */,
				39065B5A1B34FD2100FDBF18 /* GenPlayer.cpp in Sources */,
				39065B5B1B34FD2100FDBF18 /* HumanPlayer.cpp in Sources */,
				39065B581B34FD2100FDBF18 /* Game.cpp in Sources */,
				39065B5D1B34FD2100FDBF18 /* Card.cpp in Sources */,
			);
			runOnlyForDeploymentPostprocessing = 0;
		};
/* End PBXSourcesBuildPhase section */

/* Begin XCBuildConfiguration section */
		39065B461B34FCF100FDBF18 /* Debug */ = {
			isa = XCBuildConfiguration;
			buildSettings = {
				ALWAYS_SEARCH_USER_PATHS = NO;
				CLANG_CXX_LANGUAGE_STANDARD = "gnu++0x";
				CLANG_CXX_LIBRARY = "libc++";
				CLANG_ENABLE_MODULES = YES;
				CLANG_ENABLE_OBJC_ARC = YES;
				CLANG_WARN_BOOL_CONVERSION = YES;
				CLANG_WARN_CONSTANT_CONVERSION = YES;
				CLANG_WARN_DIRECT_OBJC_ISA_USAGE = YES_ERROR;
				CLANG_WARN_EMPTY_BODY = YES;
				CLANG_WARN_ENUM_CONVERSION = YES;
				CLANG_WARN_INT_CONVERSION = YES;
				CLANG_WARN_OBJC_ROOT_CLASS = YES_ERROR;
				CLANG_WARN_UNREACHABLE_CODE = YES;
				CLANG_WARN__DUPLICATE_METHOD_MATCH = YES;
				COPY_PHASE_STRIP = NO;
				ENABLE_STRICT_OBJC_MSGSEND = YES;
				GCC_C_LANGUAGE_STANDARD = gnu99;
				GCC_DYNAMIC_NO_PIC = NO;
				GCC_OPTIMIZATION_LEVEL = 0;
				GCC_PREPROCESSOR_DEFINITIONS = (
					"DEBUG=1",
					"$(inherited)",
				);
				GCC_SYMBOLS_PRIVATE_EXTERN = NO;
				GCC_WARN_64_TO_32_BIT_CONVERSION = YES;
				GCC_WARN_ABOUT_RETURN_TYPE = YES_ERROR;
				GCC_WARN_UNDECLARED_SELECTOR = YES;
				GCC_WARN_UNINITIALIZED_AUTOS = YES_AGGRESSIVE;
				GCC_WARN_UNUSED_FUNCTION = YES;
				GCC_WARN_UNUSED_VARIABLE = YES;
				MACOSX_DEPLOYMENT_TARGET = 10.10;
				MTL_ENABLE_DEBUG_INFO = YES;
				ONLY_ACTIVE_ARCH = YES;
				SDKROOT = macosx;
			};
			name = Debug;
		};
		39065B471B34FCF100FDBF18 /* Release */ = {
			isa = XCBuildConfiguration;
			buildSettings = {
				ALWAYS_SEARCH_USER_PATHS = NO;
				CLANG_CXX_LANGUAGE_STANDARD = "gnu++0x";
				CLANG_CXX_LIBRARY = "libc++";
				CLANG_ENABLE_MODULES = YES;
				CLANG_ENABLE_OBJC_ARC = YES;
				CLANG_WARN_BOOL_CONVERSION = YES;
				CLANG_WARN_CONSTANT_CONVERSION = YES;
				CLANG_WARN_DIRECT_OBJC_ISA_USAGE = YES_ERROR;
				CLANG_WARN_EMPTY_BODY = YES;
				CLANG_WARN_ENUM_CONVERSION = YES;
				CLANG_WARN_INT_CONVERSION = YES;
				CLANG_WARN_OBJC_ROOT_CLASS = YES_ERROR;
				CLANG_WARN_UNREACHABLE_CODE = YES;
				CLANG_WARN__DUPLICATE_METHOD_MATCH = YES;
				COPY_PHASE_STRIP = YES;
				DEBUG_INFORMATION_FORMAT = "dwarf-with-dsym";
				ENABLE_NS_ASSERTIONS = NO;
				ENABLE_STRICT_OBJC_MSGSEND = YES;
				GCC_C_LANGUAGE_STANDARD = gnu99;
				GCC_WARN_64_TO_32_BIT_CONVERSION = YES;
				GCC_WARN_ABOUT_RETURN_TYPE = YES_ERROR;
				GCC_WARN_UNDECLARED_SELECTOR = YES;
				GCC_WARN_UNINITIALIZED_AUTOS = YES_AGGRESSIVE;
				GCC_WARN_UNUSED_FUNCTION = YES;
				GCC_WARN_UNUSED_VARIABLE = YES;
				MACOSX_DEPLOYMENT_TARGET = 10.10;
				MTL_ENABLE_DEBUG_INFO = NO;
				SDKROOT = macosx;
			};
			name = Release;
		};
		39065B491B34FCF100FDBF18 /* Debug */ = {
			isa = XCBuildConfiguration;
			buildSettings = {
				PRODUCT_NAME = "$(TARGET_NAME)";
			};
			name = Debug;
		};
		39065B4A1B34FCF100FDBF18 /* Release */ = {
			isa = XCBuildConfiguration;
			buildSettings = {
				PRODUCT_NAME = "$(TARGET_NAME)";
			};
			name = Release;
		};
/* End XCBuildConfiguration section */

/* Begin XCConfigurationList section */
		39065B3C1B34FCF100FDBF18 /* Build configuration list for PBXProject "StraightsProject" */ = {
			isa = XCConfigurationList;
			buildConfigurations = (
				39065B461B34FCF100FDBF18 /* Debug */,
				39065B471B34FCF100FDBF18 /* Release */,
			);
			defaultConfigurationIsVisible = 0;
			defaultConfigurationName = Release;
		};
		39065B481B34FCF100FDBF18 /* Build configuration list for PBXNativeTarget "StraightsProject" */ = {
			isa = XCConfigurationList;
			buildConfigurations = (
				39065B491B34FCF100FDBF18 /* Debug */,
				39065B4A1B34FCF100FDBF18 /* Release */,
			);
			defaultConfigurationIsVisible = 0;
		};
/* End XCConfigurationList section */
	};
	rootObject = 39065B391B34FCF100FDBF18 /* Project object */;
}
